
Microsoft Visual Studio Solution File, Format Version 12.00
# Visual Studio 15
VisualStudioVersion = 15.0.28010.2046
MinimumVisualStudioVersion = 10.0.40219.1
Project("{FAE04EC0-301F-11D3-BF4B-00C04F79EFBC}") = "LanciaDado", "LanciaDado\LanciaDado.csproj", "{A1E89F16-9857-455D-8DC7-E26EBF459009}"
EndProject
Global
	GlobalSection(SolutionConfigurationPlatforms) = preSolution
		Debug|Any CPU = Debug|Any CPU
		Release|Any CPU = Release|Any CPU
	EndGlobalSection
	GlobalSection(ProjectConfigurationPlatforms) = postSolution
		{A1E89F16-9857-455D-8DC7-E26EBF459009}.Debug|Any CPU.ActiveCfg = Debug|Any CPU
		{A1E89F16-9857-455D-8DC7-E26EBF459009}.Debug|Any CPU.Build.0 = Debug|Any CPU
		{A1E89F16-9857-455D-8DC7-E26EBF459009}.Release|Any CPU.ActiveCfg = Release|Any CPU
		{A1E89F16-9857-455D-8DC7-E26EBF459009}.Release|Any CPU.Build.0 = Release|Any CPU
	EndGlobalSection
	GlobalSection(SolutionProperties) = preSolution
		HideSolutionNode = FALSE
	EndGlobalSection
	GlobalSection(ExtensibilityGlobals) = postSolution
		SolutionGuid = {04E4092F-305E-4015-A1C8-14F7BB177D8E}
	EndGlobalSection
EndGlobal
